
Microsoft Visual Studio Solution File, Format Version 12.00
# Visual Studio 15
VisualStudioVersion = 15.0.27004.2005
MinimumVisualStudioVersion = 10.0.40219.1
Project("{FAE04EC0-301F-11D3-BF4B-00C04F79EFBC}") = "JavascriptFunctions", "JavascriptFunctions\JavascriptFunctions.csproj", "{73961DA6-02A3-4A8D-9353-50C3367FF4ED}"
EndProject
Project("{FAE04EC0-301F-11D3-BF4B-00C04F79EFBC}") = "MusicStoreHtml", "MusicStoreHtml\MusicStoreHtml.csproj", "{A8B13A7E-1585-4FC1-8D79-C5C07872249F}"
EndProject
Global
	GlobalSection(SolutionConfigurationPlatforms) = preSolution
		Debug|Any CPU = Debug|Any CPU
		Release|Any CPU = Release|Any CPU
	EndGlobalSection
	GlobalSection(ProjectConfigurationPlatforms) = postSolution
		{73961DA6-02A3-4A8D-9353-50C3367FF4ED}.Debug|Any CPU.ActiveCfg = Debug|Any CPU
		{73961DA6-02A3-4A8D-9353-50C3367FF4ED}.Debug|Any CPU.Build.0 = Debug|Any CPU
		{73961DA6-02A3-4A8D-9353-50C3367FF4ED}.Release|Any CPU.ActiveCfg = Release|Any CPU
		{73961DA6-02A3-4A8D-9353-50C3367FF4ED}.Release|Any CPU.Build.0 = Release|Any CPU
		{A8B13A7E-1585-4FC1-8D79-C5C07872249F}.Debug|Any CPU.ActiveCfg = Debug|Any CPU
		{A8B13A7E-1585-4FC1-8D79-C5C07872249F}.Debug|Any CPU.Build.0 = Debug|Any CPU
		{A8B13A7E-1585-4FC1-8D79-C5C07872249F}.Release|Any CPU.ActiveCfg = Release|Any CPU
		{A8B13A7E-1585-4FC1-8D79-C5C07872249F}.Release|Any CPU.Build.0 = Release|Any CPU
	EndGlobalSection
	GlobalSection(SolutionProperties) = preSolution
		HideSolutionNode = FALSE
	EndGlobalSection
	GlobalSection(ExtensibilityGlobals) = postSolution
		SolutionGuid = {FFDD28DC-A473-475E-9F16-E7161A671A1F}
	EndGlobalSection
EndGlobal
